
Microsoft Visual Studio Solution File, Format Version 12.00
# Visual Studio 15
VisualStudioVersion = 15.0.28307.168
MinimumVisualStudioVersion = 10.0.40219.1
Project("{FAE04EC0-301F-11D3-BF4B-00C04F79EFBC}") = "TesteBNP.Web", "TesteBNP.Web\TesteBNP.Web.csproj", "{75B3FBFD-4715-4A53-B8BE-DF03988FCB90}"
EndProject
Project("{FAE04EC0-301F-11D3-BF4B-00C04F79EFBC}") = "TesteBNP.Dominio", "TesteBNP.Dominio\TesteBNP.Dominio.csproj", "{13A41EC3-0889-4D6F-BB55-B12194727E88}"
EndProject
Project("{FAE04EC0-301F-11D3-BF4B-00C04F79EFBC}") = "TesteBNP.Repositorio", "TesteBNP.Repositorio\TesteBNP.Repositorio.csproj", "{96B95B3F-731D-403C-B2E9-E817C0166938}"
EndProject
Project("{FAE04EC0-301F-11D3-BF4B-00C04F79EFBC}") = "TesteBNP.Negocio", "TesteBNP.Negocio\TesteBNP.Negocio.csproj", "{CB818734-D4F9-48A5-BA05-33BFAAE28F99}"
EndProject
Global
	GlobalSection(SolutionConfigurationPlatforms) = preSolution
		Debug|Any CPU = Debug|Any CPU
		Release|Any CPU = Release|Any CPU
	EndGlobalSection
	GlobalSection(ProjectConfigurationPlatforms) = postSolution
		{75B3FBFD-4715-4A53-B8BE-DF03988FCB90}.Debug|Any CPU.ActiveCfg = Debug|Any CPU
		{75B3FBFD-4715-4A53-B8BE-DF03988FCB90}.Debug|Any CPU.Build.0 = Debug|Any CPU
		{75B3FBFD-4715-4A53-B8BE-DF03988FCB90}.Release|Any CPU.ActiveCfg = Release|Any CPU
		{75B3FBFD-4715-4A53-B8BE-DF03988FCB90}.Release|Any CPU.Build.0 = Release|Any CPU
		{13A41EC3-0889-4D6F-BB55-B12194727E88}.Debug|Any CPU.ActiveCfg = Debug|Any CPU
		{13A41EC3-0889-4D6F-BB55-B12194727E88}.Debug|Any CPU.Build.0 = Debug|Any CPU
		{13A41EC3-0889-4D6F-BB55-B12194727E88}.Release|Any CPU.ActiveCfg = Release|Any CPU
		{13A41EC3-0889-4D6F-BB55-B12194727E88}.Release|Any CPU.Build.0 = Release|Any CPU
		{96B95B3F-731D-403C-B2E9-E817C0166938}.Debug|Any CPU.ActiveCfg = Debug|Any CPU
		{96B95B3F-731D-403C-B2E9-E817C0166938}.Debug|Any CPU.Build.0 = Debug|Any CPU
		{96B95B3F-731D-403C-B2E9-E817C0166938}.Release|Any CPU.ActiveCfg = Release|Any CPU
		{96B95B3F-731D-403C-B2E9-E817C0166938}.Release|Any CPU.Build.0 = Release|Any CPU
		{CB818734-D4F9-48A5-BA05-33BFAAE28F99}.Debug|Any CPU.ActiveCfg = Debug|Any CPU
		{CB818734-D4F9-48A5-BA05-33BFAAE28F99}.Debug|Any CPU.Build.0 = Debug|Any CPU
		{CB818734-D4F9-48A5-BA05-33BFAAE28F99}.Release|Any CPU.ActiveCfg = Release|Any CPU
		{CB818734-D4F9-48A5-BA05-33BFAAE28F99}.Release|Any CPU.Build.0 = Release|Any CPU
	EndGlobalSection
	GlobalSection(SolutionProperties) = preSolution
		HideSolutionNode = FALSE
	EndGlobalSection
	GlobalSection(ExtensibilityGlobals) = postSolution
		SolutionGuid = {333C3588-5E7B-4525-85ED-F7D9D5A37AB0}
	EndGlobalSection
EndGlobal
